
Microsoft Visual Studio Solution File, Format Version 12.00
# Visual Studio Version 16
VisualStudioVersion = 16.0.31911.196
MinimumVisualStudioVersion = 10.0.40219.1
Project("{FAE04EC0-301F-11D3-BF4B-00C04F79EFBC}") = "Calculaotr", "Calculaotr\Calculaotr.csproj", "{737F1A97-983F-428A-8709-47863624AEE6}"
EndProject
Global
	GlobalSection(SolutionConfigurationPlatforms) = preSolution
		Debug|Any CPU = Debug|Any CPU
		Release|Any CPU = Release|Any CPU
	EndGlobalSection
	GlobalSection(ProjectConfigurationPlatforms) = postSolution
		{737F1A97-983F-428A-8709-47863624AEE6}.Debug|Any CPU.ActiveCfg = Debug|Any CPU
		{737F1A97-983F-428A-8709-47863624AEE6}.Debug|Any CPU.Build.0 = Debug|Any CPU
		{737F1A97-983F-428A-8709-47863624AEE6}.Release|Any CPU.ActiveCfg = Release|Any CPU
		{737F1A97-983F-428A-8709-47863624AEE6}.Release|Any CPU.Build.0 = Release|Any CPU
	EndGlobalSection
	GlobalSection(SolutionProperties) = preSolution
		HideSolutionNode = FALSE
	EndGlobalSection
	GlobalSection(ExtensibilityGlobals) = postSolution
		SolutionGuid = {1A7B0C37-04BA-449B-A404-87ACDBF4165C}
	EndGlobalSection
EndGlobal
